
Microsoft Visual Studio Solution File, Format Version 12.00
# Visual Studio Version 16
VisualStudioVersion = 16.0.31105.61
MinimumVisualStudioVersion = 10.0.40219.1
Project("{FAE04EC0-301F-11D3-BF4B-00C04F79EFBC}") = "DockerPrivateFeed", "DockerPrivateFeed\DockerPrivateFeed.csproj", "{567467A0-E4EF-48A9-8F53-34C2F14FB72F}"
EndProject
Global
	GlobalSection(SolutionConfigurationPlatforms) = preSolution
		Debug|Any CPU = Debug|Any CPU
		Release|Any CPU = Release|Any CPU
	EndGlobalSection
	GlobalSection(ProjectConfigurationPlatforms) = postSolution
		{567467A0-E4EF-48A9-8F53-34C2F14FB72F}.Debug|Any CPU.ActiveCfg = Debug|Any CPU
		{567467A0-E4EF-48A9-8F53-34C2F14FB72F}.Debug|Any CPU.Build.0 = Debug|Any CPU
		{567467A0-E4EF-48A9-8F53-34C2F14FB72F}.Release|Any CPU.ActiveCfg = Release|Any CPU
		{567467A0-E4EF-48A9-8F53-34C2F14FB72F}.Release|Any CPU.Build.0 = Release|Any CPU
	EndGlobalSection
	GlobalSection(SolutionProperties) = preSolution
		HideSolutionNode = FALSE
	EndGlobalSection
	GlobalSection(ExtensibilityGlobals) = postSolution
		SolutionGuid = {BFDD4A18-1C0A-4115-8E90-68A919E2DBEF}
	EndGlobalSection
EndGlobal
